
Microsoft Visual Studio Solution File, Format Version 12.00
# Visual Studio Version 16
VisualStudioVersion = 16.0.31613.86
MinimumVisualStudioVersion = 10.0.40219.1
Project("{FAE04EC0-301F-11D3-BF4B-00C04F79EFBC}") = "AdvancedMathLibrary", "AdvancedMathLibrary\AdvancedMathLibrary.csproj", "{55829404-3337-422F-BFC2-74DF50C2B21D}"
EndProject
Project("{FAE04EC0-301F-11D3-BF4B-00C04F79EFBC}") = "TestAdvancedMathLibrary", "TestAdvancedMathLibrary\TestAdvancedMathLibrary.csproj", "{38953B1A-8DD9-4D78-AC4E-2C9007A13D98}"
EndProject
Global
	GlobalSection(SolutionConfigurationPlatforms) = preSolution
		Debug|Any CPU = Debug|Any CPU
		Release|Any CPU = Release|Any CPU
	EndGlobalSection
	GlobalSection(ProjectConfigurationPlatforms) = postSolution
		{55829404-3337-422F-BFC2-74DF50C2B21D}.Debug|Any CPU.ActiveCfg = Debug|Any CPU
		{55829404-3337-422F-BFC2-74DF50C2B21D}.Debug|Any CPU.Build.0 = Debug|Any CPU
		{55829404-3337-422F-BFC2-74DF50C2B21D}.Release|Any CPU.ActiveCfg = Release|Any CPU
		{55829404-3337-422F-BFC2-74DF50C2B21D}.Release|Any CPU.Build.0 = Release|Any CPU
		{38953B1A-8DD9-4D78-AC4E-2C9007A13D98}.Debug|Any CPU.ActiveCfg = Debug|Any CPU
		{38953B1A-8DD9-4D78-AC4E-2C9007A13D98}.Debug|Any CPU.Build.0 = Debug|Any CPU
		{38953B1A-8DD9-4D78-AC4E-2C9007A13D98}.Release|Any CPU.ActiveCfg = Release|Any CPU
		{38953B1A-8DD9-4D78-AC4E-2C9007A13D98}.Release|Any CPU.Build.0 = Release|Any CPU
	EndGlobalSection
	GlobalSection(SolutionProperties) = preSolution
		HideSolutionNode = FALSE
	EndGlobalSection
	GlobalSection(ExtensibilityGlobals) = postSolution
		SolutionGuid = {4DFADAB1-55CB-48A8-B6BB-82A7F7FAD37D}
	EndGlobalSection
EndGlobal
